
Microsoft Visual Studio Solution File, Format Version 12.00
# Visual Studio Version 17
VisualStudioVersion = 17.0.31903.59
MinimumVisualStudioVersion = 10.0.40219.1
Project("{2150E333-8FDC-42A3-9474-1A3956D46DE8}") = "src", "src", "{470AA673-A04C-4407-A9BD-C014190E6FDC}"
EndProject
Project("{FAE04EC0-301F-11D3-BF4B-00C04F79EFBC}") = "AuctionService", "src\AuctionService\AuctionService.csproj", "{C42129F1-A740-4807-9133-0B5F2B04DEEF}"
EndProject
Project("{FAE04EC0-301F-11D3-BF4B-00C04F79EFBC}") = "SearchServices", "src\SearchServices\SearchServices.csproj", "{42AE98F8-3C83-43AB-99F6-26FC6489B63A}"
EndProject
Project("{FAE04EC0-301F-11D3-BF4B-00C04F79EFBC}") = "Contracts", "src\Contracts\Contracts.csproj", "{3A4F2EB4-39D0-40F5-A639-7900815D0C21}"
EndProject
Project("{FAE04EC0-301F-11D3-BF4B-00C04F79EFBC}") = "IdentityService", "src\IdentityService\IdentityService.csproj", "{365F3B4B-BC36-4A85-912A-323E48185695}"
EndProject
Project("{FAE04EC0-301F-11D3-BF4B-00C04F79EFBC}") = "GatewayService", "src\GatewayService\GatewayService.csproj", "{38C62B7C-4CE5-483F-AD51-1A1E4C30F6F5}"
EndProject
Global
	GlobalSection(SolutionConfigurationPlatforms) = preSolution
		Debug|Any CPU = Debug|Any CPU
		Release|Any CPU = Release|Any CPU
	EndGlobalSection
	GlobalSection(SolutionProperties) = preSolution
		HideSolutionNode = FALSE
	EndGlobalSection
	GlobalSection(ProjectConfigurationPlatforms) = postSolution
		{C42129F1-A740-4807-9133-0B5F2B04DEEF}.Debug|Any CPU.ActiveCfg = Debug|Any CPU
		{C42129F1-A740-4807-9133-0B5F2B04DEEF}.Debug|Any CPU.Build.0 = Debug|Any CPU
		{C42129F1-A740-4807-9133-0B5F2B04DEEF}.Release|Any CPU.ActiveCfg = Release|Any CPU
		{C42129F1-A740-4807-9133-0B5F2B04DEEF}.Release|Any CPU.Build.0 = Release|Any CPU
		{42AE98F8-3C83-43AB-99F6-26FC6489B63A}.Debug|Any CPU.ActiveCfg = Debug|Any CPU
		{42AE98F8-3C83-43AB-99F6-26FC6489B63A}.Debug|Any CPU.Build.0 = Debug|Any CPU
		{42AE98F8-3C83-43AB-99F6-26FC6489B63A}.Release|Any CPU.ActiveCfg = Release|Any CPU
		{42AE98F8-3C83-43AB-99F6-26FC6489B63A}.Release|Any CPU.Build.0 = Release|Any CPU
		{3A4F2EB4-39D0-40F5-A639-7900815D0C21}.Debug|Any CPU.ActiveCfg = Debug|Any CPU
		{3A4F2EB4-39D0-40F5-A639-7900815D0C21}.Debug|Any CPU.Build.0 = Debug|Any CPU
		{3A4F2EB4-39D0-40F5-A639-7900815D0C21}.Release|Any CPU.ActiveCfg = Release|Any CPU
		{3A4F2EB4-39D0-40F5-A639-7900815D0C21}.Release|Any CPU.Build.0 = Release|Any CPU
		{365F3B4B-BC36-4A85-912A-323E48185695}.Debug|Any CPU.ActiveCfg = Debug|Any CPU
		{365F3B4B-BC36-4A85-912A-323E48185695}.Debug|Any CPU.Build.0 = Debug|Any CPU
		{365F3B4B-BC36-4A85-912A-323E48185695}.Release|Any CPU.ActiveCfg = Release|Any CPU
		{365F3B4B-BC36-4A85-912A-323E48185695}.Release|Any CPU.Build.0 = Release|Any CPU
		{38C62B7C-4CE5-483F-AD51-1A1E4C30F6F5}.Debug|Any CPU.ActiveCfg = Debug|Any CPU
		{38C62B7C-4CE5-483F-AD51-1A1E4C30F6F5}.Debug|Any CPU.Build.0 = Debug|Any CPU
		{38C62B7C-4CE5-483F-AD51-1A1E4C30F6F5}.Release|Any CPU.ActiveCfg = Release|Any CPU
		{38C62B7C-4CE5-483F-AD51-1A1E4C30F6F5}.Release|Any CPU.Build.0 = Release|Any CPU
	EndGlobalSection
	GlobalSection(NestedProjects) = preSolution
		{C42129F1-A740-4807-9133-0B5F2B04DEEF} = {470AA673-A04C-4407-A9BD-C014190E6FDC}
		{42AE98F8-3C83-43AB-99F6-26FC6489B63A} = {470AA673-A04C-4407-A9BD-C014190E6FDC}
		{3A4F2EB4-39D0-40F5-A639-7900815D0C21} = {470AA673-A04C-4407-A9BD-C014190E6FDC}
		{365F3B4B-BC36-4A85-912A-323E48185695} = {470AA673-A04C-4407-A9BD-C014190E6FDC}
		{38C62B7C-4CE5-483F-AD51-1A1E4C30F6F5} = {470AA673-A04C-4407-A9BD-C014190E6FDC}
	EndGlobalSection
EndGlobal
